github.com/schnerring/hugo-mod-json-resume v0.0.0-20250928135521-00d3d2bbeb4f h1:Hz72pnt/YFqyqK93tSTtuKccbwWLw3TUvWmHbbr+um8=
github.com/schnerring/hugo-mod-json-resume v0.0.0-20250928135521-00d3d2bbeb4f/go.mod h1:N6MmSAFHCe8yxY4zcjvbPmi6XNoqK9wp5CAeOkd4IjI=
github.com/schnerring/hugo-mod-json-resume v0.0.0-20251127154306-7d3335c112fe h1:ELdKspz0lUxRDUtdlIbs0F95WRgEk8E2E5ySQuqz39A=
github.com/schnerring/hugo-mod-json-resume v0.0.0-20251127154306-7d3335c112fe/go.mod h1:ZcSP5rXDfI76fXWIjuWbRdnu2D0Q09/UMWUcNDZlkbs=
github.com/schnerring/hugo-theme-gruvbox v0.0.0-20251001122453-81058f53a809 h1:u1+71LpcLO2qHvzu/fLFqFi04cYx1R05WsImE3irMYo=
github.com/schnerring/hugo-theme-gruvbox v0.0.0-20251001122453-81058f53a809/go.mod h1:hNzpTnxuG75JqH7yUryFc/wYNDqSaIAZuOQTl8tPHVA=
